
Microsoft Visual Studio Solution File, Format Version 12.00
# Visual Studio Version 17
VisualStudioVersion = 17.14.36327.8 d17.14
MinimumVisualStudioVersion = 10.0.40219.1
Project("{FAE04EC0-301F-11D3-BF4B-00C04F79EFBC}") = "Decryptor", "Decryptor\Decryptor.csproj", "{FBB082B4-2261-47D9-8AD9-629A72019C19}"
EndProject
Global
	GlobalSection(SolutionConfigurationPlatforms) = preSolution
		Debug|Any CPU = Debug|Any CPU
		Release|Any CPU = Release|Any CPU
	EndGlobalSection
	GlobalSection(ProjectConfigurationPlatforms) = postSolution
		{FBB082B4-2261-47D9-8AD9-629A72019C19}.Debug|Any CPU.ActiveCfg = Debug|Any CPU
		{FBB082B4-2261-47D9-8AD9-629A72019C19}.Debug|Any CPU.Build.0 = Debug|Any CPU
		{FBB082B4-2261-47D9-8AD9-629A72019C19}.Release|Any CPU.ActiveCfg = Release|Any CPU
		{FBB082B4-2261-47D9-8AD9-629A72019C19}.Release|Any CPU.Build.0 = Release|Any CPU
	EndGlobalSection
	GlobalSection(SolutionProperties) = preSolution
		HideSolutionNode = FALSE
	EndGlobalSection
	GlobalSection(ExtensibilityGlobals) = postSolution
		SolutionGuid = {D7549AD0-1A17-4130-AF0B-FC01D7461729}
	EndGlobalSection
EndGlobal
